
Microsoft Visual Studio Solution File, Format Version 12.00
# Visual Studio Version 17
VisualStudioVersion = 17.11.35327.3
MinimumVisualStudioVersion = 10.0.40219.1
Project("{FAE04EC0-301F-11D3-BF4B-00C04F79EFBC}") = "ex010", "ex010.csproj", "{CDEAECF9-D80D-4836-B729-981E457B67C2}"
EndProject
Global
	GlobalSection(SolutionConfigurationPlatforms) = preSolution
		Debug|Any CPU = Debug|Any CPU
		Release|Any CPU = Release|Any CPU
	EndGlobalSection
	GlobalSection(ProjectConfigurationPlatforms) = postSolution
		{CDEAECF9-D80D-4836-B729-981E457B67C2}.Debug|Any CPU.ActiveCfg = Debug|Any CPU
		{CDEAECF9-D80D-4836-B729-981E457B67C2}.Debug|Any CPU.Build.0 = Debug|Any CPU
		{CDEAECF9-D80D-4836-B729-981E457B67C2}.Release|Any CPU.ActiveCfg = Release|Any CPU
		{CDEAECF9-D80D-4836-B729-981E457B67C2}.Release|Any CPU.Build.0 = Release|Any CPU
	EndGlobalSection
	GlobalSection(SolutionProperties) = preSolution
		HideSolutionNode = FALSE
	EndGlobalSection
	GlobalSection(ExtensibilityGlobals) = postSolution
		SolutionGuid = {DD66D2AF-FD96-4652-AE73-92352E16E33E}
	EndGlobalSection
EndGlobal
